Microsoft Visual Studio Solution File, Format Version 12.00
# Visual Studio Version 17
VisualStudioVersion = 17.0.31903.59
MinimumVisualStudioVersion = 10.0.40219.1
Project("{FAE04EC0-301F-11D3-BF4B-00C04F79EFBC}") = "CCSV.Diaries", "src\CCSV.Diaries\CCSV.Diaries.csproj", "{2E97434F-FC4C-4F0E-94F6-6ABDA8B2A872}"
EndProject
Project("{FAE04EC0-301F-11D3-BF4B-00C04F79EFBC}") = "CCSV.Diaries.Tests", "tests\CCSV.Diaries.Tests\CCSV.Diaries.Tests.csproj", "{0722CE9C-290C-47BE-839E-8AF5574A9C2B}"
EndProject
Project("{FAE04EC0-301F-11D3-BF4B-00C04F79EFBC}") = "CCSV.Diaries.UI.Api", "src\CCSV.Diaries.UI.Api\CCSV.Diaries.UI.Api.csproj", "{6F0C21C0-5872-4C9F-9E19-B8E849443C90}"
EndProject
Project("{2150E333-8FDC-42A3-9474-1A3956D46DE8}") = "00 - Info", "00 - Info", "{C509CA7E-A1EF-405D-A11E-CA3AFB7EAD75}"
	ProjectSection(SolutionItems) = preProject
		.editorconfig = .editorconfig
		.gitignore = .gitignore
		README.md = README.md
	EndProjectSection
EndProject
Project("{2150E333-8FDC-42A3-9474-1A3956D46DE8}") = "01 - UI", "01 - UI", "{C97EF7B4-21C2-425E-B245-9CBE51FBF0B1}"
EndProject
Project("{2150E333-8FDC-42A3-9474-1A3956D46DE8}") = "02 - Domain", "02 - Domain", "{A07BEFAD-F3B2-4767-8A16-2E087BB5566A}"
EndProject
Project("{2150E333-8FDC-42A3-9474-1A3956D46DE8}") = "03 - Tests", "03 - Tests", "{4AAB5C9B-58E1-459D-9A35-6364751B21F1}"
EndProject
Global
	GlobalSection(SolutionConfigurationPlatforms) = preSolution
		Debug|Any CPU = Debug|Any CPU
		Release|Any CPU = Release|Any CPU
	EndGlobalSection
	GlobalSection(ProjectConfigurationPlatforms) = postSolution
		{2E97434F-FC4C-4F0E-94F6-6ABDA8B2A872}.Debug|Any CPU.ActiveCfg = Debug|Any CPU
		{2E97434F-FC4C-4F0E-94F6-6ABDA8B2A872}.Debug|Any CPU.Build.0 = Debug|Any CPU
		{2E97434F-FC4C-4F0E-94F6-6ABDA8B2A872}.Release|Any CPU.ActiveCfg = Release|Any CPU
		{2E97434F-FC4C-4F0E-94F6-6ABDA8B2A872}.Release|Any CPU.Build.0 = Release|Any CPU
		{0722CE9C-290C-47BE-839E-8AF5574A9C2B}.Debug|Any CPU.ActiveCfg = Debug|Any CPU
		{0722CE9C-290C-47BE-839E-8AF5574A9C2B}.Debug|Any CPU.Build.0 = Debug|Any CPU
		{0722CE9C-290C-47BE-839E-8AF5574A9C2B}.Release|Any CPU.ActiveCfg = Release|Any CPU
		{0722CE9C-290C-47BE-839E-8AF5574A9C2B}.Release|Any CPU.Build.0 = Release|Any CPU
		{6F0C21C0-5872-4C9F-9E19-B8E849443C90}.Debug|Any CPU.ActiveCfg = Debug|Any CPU
		{6F0C21C0-5872-4C9F-9E19-B8E849443C90}.Debug|Any CPU.Build.0 = Debug|Any CPU
		{6F0C21C0-5872-4C9F-9E19-B8E849443C90}.Release|Any CPU.ActiveCfg = Release|Any CPU
		{6F0C21C0-5872-4C9F-9E19-B8E849443C90}.Release|Any CPU.Build.0 = Release|Any CPU
	EndGlobalSection
	GlobalSection(SolutionProperties) = preSolution
		HideSolutionNode = FALSE
	EndGlobalSection
	GlobalSection(NestedProjects) = preSolution
		{2E97434F-FC4C-4F0E-94F6-6ABDA8B2A872} = {A07BEFAD-F3B2-4767-8A16-2E087BB5566A}
		{0722CE9C-290C-47BE-839E-8AF5574A9C2B} = {4AAB5C9B-58E1-459D-9A35-6364751B21F1}
		{6F0C21C0-5872-4C9F-9E19-B8E849443C90} = {C97EF7B4-21C2-425E-B245-9CBE51FBF0B1}
	EndGlobalSection
EndGlobal
